
Microsoft Visual Studio Solution File, Format Version 12.00
# Visual Studio 15
VisualStudioVersion = 15.0.28307.168
MinimumVisualStudioVersion = 10.0.40219.1
Project("{FAE04EC0-301F-11D3-BF4B-00C04F79EFBC}") = "MoviesAPI", "MoviesAPI\MoviesAPI.csproj", "{C98EF57F-09A6-4C19-B45C-7FE9CC8A05F0}"
EndProject
Project("{FAE04EC0-301F-11D3-BF4B-00C04F79EFBC}") = "MoviesWeb", "MoviesWeb\MoviesWeb.csproj", "{59D64D4F-A3FA-4582-877D-1065A7845438}"
EndProject
Global
	GlobalSection(SolutionConfigurationPlatforms) = preSolution
		Debug|Any CPU = Debug|Any CPU
		Release|Any CPU = Release|Any CPU
	EndGlobalSection
	GlobalSection(ProjectConfigurationPlatforms) = postSolution
		{C98EF57F-09A6-4C19-B45C-7FE9CC8A05F0}.Debug|Any CPU.ActiveCfg = Debug|Any CPU
		{C98EF57F-09A6-4C19-B45C-7FE9CC8A05F0}.Debug|Any CPU.Build.0 = Debug|Any CPU
		{C98EF57F-09A6-4C19-B45C-7FE9CC8A05F0}.Release|Any CPU.ActiveCfg = Release|Any CPU
		{C98EF57F-09A6-4C19-B45C-7FE9CC8A05F0}.Release|Any CPU.Build.0 = Release|Any CPU
		{59D64D4F-A3FA-4582-877D-1065A7845438}.Debug|Any CPU.ActiveCfg = Debug|Any CPU
		{59D64D4F-A3FA-4582-877D-1065A7845438}.Debug|Any CPU.Build.0 = Debug|Any CPU
		{59D64D4F-A3FA-4582-877D-1065A7845438}.Release|Any CPU.ActiveCfg = Release|Any CPU
		{59D64D4F-A3FA-4582-877D-1065A7845438}.Release|Any CPU.Build.0 = Release|Any CPU
	EndGlobalSection
	GlobalSection(SolutionProperties) = preSolution
		HideSolutionNode = FALSE
	EndGlobalSection
	GlobalSection(ExtensibilityGlobals) = postSolution
		SolutionGuid = {FC11211F-C8F4-4C3D-9E67-5F9B61B56CC8}
	EndGlobalSection
EndGlobal
